
Microsoft Visual Studio Solution File, Format Version 12.00
# Visual Studio 14
VisualStudioVersion = 14.0.25420.1
MinimumVisualStudioVersion = 10.0.40219.1
Project("{2150E333-8FDC-42A3-9474-1A3956D46DE8}") = "BusinessLayer", "BusinessLayer", "{913E90FF-FFFD-4500-AAD8-094320CBC8F8}"
EndProject
Project("{2150E333-8FDC-42A3-9474-1A3956D46DE8}") = "DataAccessLayer", "DataAccessLayer", "{8DB4BE87-A630-4772-A63C-3987C522A767}"
EndProject
Project("{2150E333-8FDC-42A3-9474-1A3956D46DE8}") = "Services", "Services", "{16E4AD56-1AE7-4295-9098-0CA41CE7E694}"
EndProject
Project("{2150E333-8FDC-42A3-9474-1A3956D46DE8}") = "UserInterface", "UserInterface", "{D979E5B5-790A-46AC-8007-8A86EE16A2FF}"
EndProject
Project("{FAE04EC0-301F-11D3-BF4B-00C04F79EFBC}") = "VisualisationVolsHotels", "VisualisationVolsHotels\VisualisationVolsHotels.csproj", "{D68E7D47-9234-457E-BCCE-7AB60269FC88}"
EndProject
Project("{FAE04EC0-301F-11D3-BF4B-00C04F79EFBC}") = "ValiderEnregistrement", "ValiderEnregistrement\ValiderEnregistrement.csproj", "{8654E62E-929F-4E92-BF79-1179A3861C53}"
EndProject
Project("{FAE04EC0-301F-11D3-BF4B-00C04F79EFBC}") = "libVol", "ClassLibrary1\libVol.csproj", "{A1B0FABA-BF5D-41AF-AC3D-E16AF51C19FC}"
EndProject
Project("{FAE04EC0-301F-11D3-BF4B-00C04F79EFBC}") = "libHotel", "libHotel\libHotel.csproj", "{E969FAF0-2E5C-4A0F-8A28-39C42FE9EDE4}"
EndProject
Project("{FAE04EC0-301F-11D3-BF4B-00C04F79EFBC}") = "svcReservation", "WebApplication1\svcReservation.csproj", "{D50F2931-F7B7-41BC-83A0-FDAA1A354721}"
EndProject
Project("{FAE04EC0-301F-11D3-BF4B-00C04F79EFBC}") = "libReservation", "libReservation\libReservation.csproj", "{22599C11-01E9-4A35-AF55-F00D6BEC7DBF}"
EndProject
Project("{FAE04EC0-301F-11D3-BF4B-00C04F79EFBC}") = "libMSMQ", "libMSMQ\libMSMQ.csproj", "{CEE2613B-87C6-4D76-9523-5668F04B359B}"
EndProject
Project("{FAE04EC0-301F-11D3-BF4B-00C04F79EFBC}") = "libReservationMSMQ", "libReservationMSMQ\libReservationMSMQ.csproj", "{1C770927-AB00-451D-9A44-AA93A891D0CD}"
EndProject
Project("{FAE04EC0-301F-11D3-BF4B-00C04F79EFBC}") = "svcTraiterMSMQ", "svcTraiterMSMQ\svcTraiterMSMQ.csproj", "{6DB8B5BF-55C9-422D-A66E-33979EB3FB89}"
EndProject
Global
	GlobalSection(SolutionConfigurationPlatforms) = preSolution
		Debug|Any CPU = Debug|Any CPU
		Release|Any CPU = Release|Any CPU
	EndGlobalSection
	GlobalSection(ProjectConfigurationPlatforms) = postSolution
		{D68E7D47-9234-457E-BCCE-7AB60269FC88}.Debug|Any CPU.ActiveCfg = Debug|Any CPU
		{D68E7D47-9234-457E-BCCE-7AB60269FC88}.Debug|Any CPU.Build.0 = Debug|Any CPU
		{D68E7D47-9234-457E-BCCE-7AB60269FC88}.Release|Any CPU.ActiveCfg = Release|Any CPU
		{D68E7D47-9234-457E-BCCE-7AB60269FC88}.Release|Any CPU.Build.0 = Release|Any CPU
		{8654E62E-929F-4E92-BF79-1179A3861C53}.Debug|Any CPU.ActiveCfg = Debug|Any CPU
		{8654E62E-929F-4E92-BF79-1179A3861C53}.Debug|Any CPU.Build.0 = Debug|Any CPU
		{8654E62E-929F-4E92-BF79-1179A3861C53}.Release|Any CPU.ActiveCfg = Release|Any CPU
		{8654E62E-929F-4E92-BF79-1179A3861C53}.Release|Any CPU.Build.0 = Release|Any CPU
		{A1B0FABA-BF5D-41AF-AC3D-E16AF51C19FC}.Debug|Any CPU.ActiveCfg = Debug|Any CPU
		{A1B0FABA-BF5D-41AF-AC3D-E16AF51C19FC}.Debug|Any CPU.Build.0 = Debug|Any CPU
		{A1B0FABA-BF5D-41AF-AC3D-E16AF51C19FC}.Release|Any CPU.ActiveCfg = Release|Any CPU
		{A1B0FABA-BF5D-41AF-AC3D-E16AF51C19FC}.Release|Any CPU.Build.0 = Release|Any CPU
		{E969FAF0-2E5C-4A0F-8A28-39C42FE9EDE4}.Debug|Any CPU.ActiveCfg = Debug|Any CPU
		{E969FAF0-2E5C-4A0F-8A28-39C42FE9EDE4}.Debug|Any CPU.Build.0 = Debug|Any CPU
		{E969FAF0-2E5C-4A0F-8A28-39C42FE9EDE4}.Release|Any CPU.ActiveCfg = Release|Any CPU
		{E969FAF0-2E5C-4A0F-8A28-39C42FE9EDE4}.Release|Any CPU.Build.0 = Release|Any CPU
		{D50F2931-F7B7-41BC-83A0-FDAA1A354721}.Debug|Any CPU.ActiveCfg = Debug|Any CPU
		{D50F2931-F7B7-41BC-83A0-FDAA1A354721}.Debug|Any CPU.Build.0 = Debug|Any CPU
		{D50F2931-F7B7-41BC-83A0-FDAA1A354721}.Release|Any CPU.ActiveCfg = Release|Any CPU
		{D50F2931-F7B7-41BC-83A0-FDAA1A354721}.Release|Any CPU.Build.0 = Release|Any CPU
		{22599C11-01E9-4A35-AF55-F00D6BEC7DBF}.Debug|Any CPU.ActiveCfg = Debug|Any CPU
		{22599C11-01E9-4A35-AF55-F00D6BEC7DBF}.Debug|Any CPU.Build.0 = Debug|Any CPU
		{22599C11-01E9-4A35-AF55-F00D6BEC7DBF}.Release|Any CPU.ActiveCfg = Release|Any CPU
		{22599C11-01E9-4A35-AF55-F00D6BEC7DBF}.Release|Any CPU.Build.0 = Release|Any CPU
		{CEE2613B-87C6-4D76-9523-5668F04B359B}.Debug|Any CPU.ActiveCfg = Debug|Any CPU
		{CEE2613B-87C6-4D76-9523-5668F04B359B}.Debug|Any CPU.Build.0 = Debug|Any CPU
		{CEE2613B-87C6-4D76-9523-5668F04B359B}.Release|Any CPU.ActiveCfg = Release|Any CPU
		{CEE2613B-87C6-4D76-9523-5668F04B359B}.Release|Any CPU.Build.0 = Release|Any CPU
		{1C770927-AB00-451D-9A44-AA93A891D0CD}.Debug|Any CPU.ActiveCfg = Debug|Any CPU
		{1C770927-AB00-451D-9A44-AA93A891D0CD}.Debug|Any CPU.Build.0 = Debug|Any CPU
		{1C770927-AB00-451D-9A44-AA93A891D0CD}.Release|Any CPU.ActiveCfg = Release|Any CPU
		{1C770927-AB00-451D-9A44-AA93A891D0CD}.Release|Any CPU.Build.0 = Release|Any CPU
		{6DB8B5BF-55C9-422D-A66E-33979EB3FB89}.Debug|Any CPU.ActiveCfg = Debug|Any CPU
		{6DB8B5BF-55C9-422D-A66E-33979EB3FB89}.Debug|Any CPU.Build.0 = Debug|Any CPU
		{6DB8B5BF-55C9-422D-A66E-33979EB3FB89}.Release|Any CPU.ActiveCfg = Release|Any CPU
		{6DB8B5BF-55C9-422D-A66E-33979EB3FB89}.Release|Any CPU.Build.0 = Release|Any CPU
	EndGlobalSection
	GlobalSection(SolutionProperties) = preSolution
		HideSolutionNode = FALSE
	EndGlobalSection
	GlobalSection(NestedProjects) = preSolution
		{D68E7D47-9234-457E-BCCE-7AB60269FC88} = {D979E5B5-790A-46AC-8007-8A86EE16A2FF}
		{8654E62E-929F-4E92-BF79-1179A3861C53} = {D979E5B5-790A-46AC-8007-8A86EE16A2FF}
		{A1B0FABA-BF5D-41AF-AC3D-E16AF51C19FC} = {8DB4BE87-A630-4772-A63C-3987C522A767}
		{E969FAF0-2E5C-4A0F-8A28-39C42FE9EDE4} = {8DB4BE87-A630-4772-A63C-3987C522A767}
		{D50F2931-F7B7-41BC-83A0-FDAA1A354721} = {16E4AD56-1AE7-4295-9098-0CA41CE7E694}
		{22599C11-01E9-4A35-AF55-F00D6BEC7DBF} = {913E90FF-FFFD-4500-AAD8-094320CBC8F8}
		{CEE2613B-87C6-4D76-9523-5668F04B359B} = {8DB4BE87-A630-4772-A63C-3987C522A767}
		{1C770927-AB00-451D-9A44-AA93A891D0CD} = {913E90FF-FFFD-4500-AAD8-094320CBC8F8}
		{6DB8B5BF-55C9-422D-A66E-33979EB3FB89} = {16E4AD56-1AE7-4295-9098-0CA41CE7E694}
	EndGlobalSection
EndGlobal
